
Microsoft Visual Studio Solution File, Format Version 12.00
# Visual Studio 15
Project("{FAE04EC0-301F-11D3-BF4B-00C04F79EFBC}") = "UniRx", "UniRx.csproj", "{16C44501-349F-CF11-C3F3-A1365C98656A}"
EndProject
Project("{FAE04EC0-301F-11D3-BF4B-00C04F79EFBC}") = "Assembly-CSharp", "Assembly-CSharp.csproj", "{0BEF5A17-248B-29C7-00CC-26359E30F16B}"
EndProject
Project("{FAE04EC0-301F-11D3-BF4B-00C04F79EFBC}") = "Scripts", "Scripts.csproj", "{85B13645-A64A-5F98-CE3D-C7DA5F919A54}"
EndProject
Project("{FAE04EC0-301F-11D3-BF4B-00C04F79EFBC}") = "LunarConsole", "LunarConsole.csproj", "{0B77D0E2-C38B-15E4-80C1-555DD924106E}"
EndProject
Project("{FAE04EC0-301F-11D3-BF4B-00C04F79EFBC}") = "Dragon", "Dragon.csproj", "{BBBD7DF0-493E-975C-6AA4-DAD0071212CB}"
EndProject
Project("{FAE04EC0-301F-11D3-BF4B-00C04F79EFBC}") = "spine-unity", "spine-unity.csproj", "{0E70B674-D523-6722-5CEE-EDA8B68EDAFD}"
EndProject
Project("{FAE04EC0-301F-11D3-BF4B-00C04F79EFBC}") = "SocketIo", "SocketIo.csproj", "{33C1AE11-A931-B34A-CE6C-59CE64FF2BAA}"
EndProject
Project("{FAE04EC0-301F-11D3-BF4B-00C04F79EFBC}") = "LeanTween", "LeanTween.csproj", "{E00B84FE-A263-7A68-AFAA-E4551D98CBBB}"
EndProject
Project("{FAE04EC0-301F-11D3-BF4B-00C04F79EFBC}") = "Lobby", "Lobby.csproj", "{2E597384-5CA9-1E96-22A4-441E9B743AA2}"
EndProject
Project("{FAE04EC0-301F-11D3-BF4B-00C04F79EFBC}") = "Shared", "Shared.csproj", "{37D1A2E2-B77F-38A5-F81B-968FD05B8956}"
EndProject
Project("{FAE04EC0-301F-11D3-BF4B-00C04F79EFBC}") = "Updown7", "Updown7.csproj", "{11A5A237-ACF2-2C7B-41A2-5B355887D219}"
EndProject
Project("{FAE04EC0-301F-11D3-BF4B-00C04F79EFBC}") = "PathCreator", "PathCreator.csproj", "{0B3CA691-6279-4252-EDE8-BB8B3314290D}"
EndProject
Project("{FAE04EC0-301F-11D3-BF4B-00C04F79EFBC}") = "test", "test.csproj", "{5B3A569D-45E1-A43A-38C3-926539D00724}"
EndProject
Project("{FAE04EC0-301F-11D3-BF4B-00C04F79EFBC}") = "KhushbuPlugin", "KhushbuPlugin.csproj", "{87171DAC-9D43-31AC-7567-2DEA256A09DB}"
EndProject
Project("{FAE04EC0-301F-11D3-BF4B-00C04F79EFBC}") = "UniRx.Examples", "UniRx.Examples.csproj", "{F1D98A41-2AAE-071E-96B8-62E10BEB6866}"
EndProject
Project("{FAE04EC0-301F-11D3-BF4B-00C04F79EFBC}") = "Webview", "Webview.csproj", "{A9FBD16F-67CF-CCF2-4388-0271E8527BEF}"
EndProject
Project("{FAE04EC0-301F-11D3-BF4B-00C04F79EFBC}") = "itween", "itween.csproj", "{69724611-387A-CB08-64C3-957DEF12C3EC}"
EndProject
Project("{FAE04EC0-301F-11D3-BF4B-00C04F79EFBC}") = "LunarConsoleEditor", "LunarConsoleEditor.csproj", "{462CEE16-801E-453D-CFF8-C5D5ACA9B0FB}"
EndProject
Project("{FAE04EC0-301F-11D3-BF4B-00C04F79EFBC}") = "spine-unity-editor", "spine-unity-editor.csproj", "{DD0AA8D8-5796-1927-763D-3B8258D8B389}"
EndProject
Project("{FAE04EC0-301F-11D3-BF4B-00C04F79EFBC}") = "PathCreatorEditor", "PathCreatorEditor.csproj", "{1A414981-83EE-2877-1D70-B8BB2D8F9852}"
EndProject
Project("{FAE04EC0-301F-11D3-BF4B-00C04F79EFBC}") = "Assembly-CSharp-Editor", "Assembly-CSharp-Editor.csproj", "{328B8D36-D914-90B0-792F-58150ADB0BA1}"
EndProject
Project("{FAE04EC0-301F-11D3-BF4B-00C04F79EFBC}") = "EditMode", "EditMode.csproj", "{4D2DD0E9-7C98-5431-5544-A4516143BFAC}"
EndProject
Global
	GlobalSection(SolutionConfigurationPlatforms) = preSolution
		Debug|Any CPU = Debug|Any CPU
		Release|Any CPU = Release|Any CPU
	EndGlobalSection
	GlobalSection(ProjectConfigurationPlatforms) = postSolution
		{16C44501-349F-CF11-C3F3-A1365C98656A}.Debug|Any CPU.ActiveCfg = Debug|Any CPU
		{16C44501-349F-CF11-C3F3-A1365C98656A}.Debug|Any CPU.Build.0 = Debug|Any CPU
		{16C44501-349F-CF11-C3F3-A1365C98656A}.Release|Any CPU.ActiveCfg = Release|Any CPU
		{16C44501-349F-CF11-C3F3-A1365C98656A}.Release|Any CPU.Build.0 = Release|Any CPU
		{0BEF5A17-248B-29C7-00CC-26359E30F16B}.Debug|Any CPU.ActiveCfg = Debug|Any CPU
		{0BEF5A17-248B-29C7-00CC-26359E30F16B}.Debug|Any CPU.Build.0 = Debug|Any CPU
		{0BEF5A17-248B-29C7-00CC-26359E30F16B}.Release|Any CPU.ActiveCfg = Release|Any CPU
		{0BEF5A17-248B-29C7-00CC-26359E30F16B}.Release|Any CPU.Build.0 = Release|Any CPU
		{85B13645-A64A-5F98-CE3D-C7DA5F919A54}.Debug|Any CPU.ActiveCfg = Debug|Any CPU
		{85B13645-A64A-5F98-CE3D-C7DA5F919A54}.Debug|Any CPU.Build.0 = Debug|Any CPU
		{85B13645-A64A-5F98-CE3D-C7DA5F919A54}.Release|Any CPU.ActiveCfg = Release|Any CPU
		{85B13645-A64A-5F98-CE3D-C7DA5F919A54}.Release|Any CPU.Build.0 = Release|Any CPU
		{0B77D0E2-C38B-15E4-80C1-555DD924106E}.Debug|Any CPU.ActiveCfg = Debug|Any CPU
		{0B77D0E2-C38B-15E4-80C1-555DD924106E}.Debug|Any CPU.Build.0 = Debug|Any CPU
		{0B77D0E2-C38B-15E4-80C1-555DD924106E}.Release|Any CPU.ActiveCfg = Release|Any CPU
		{0B77D0E2-C38B-15E4-80C1-555DD924106E}.Release|Any CPU.Build.0 = Release|Any CPU
		{BBBD7DF0-493E-975C-6AA4-DAD0071212CB}.Debug|Any CPU.ActiveCfg = Debug|Any CPU
		{BBBD7DF0-493E-975C-6AA4-DAD0071212CB}.Debug|Any CPU.Build.0 = Debug|Any CPU
		{BBBD7DF0-493E-975C-6AA4-DAD0071212CB}.Release|Any CPU.ActiveCfg = Release|Any CPU
		{BBBD7DF0-493E-975C-6AA4-DAD0071212CB}.Release|Any CPU.Build.0 = Release|Any CPU
		{0E70B674-D523-6722-5CEE-EDA8B68EDAFD}.Debug|Any CPU.ActiveCfg = Debug|Any CPU
		{0E70B674-D523-6722-5CEE-EDA8B68EDAFD}.Debug|Any CPU.Build.0 = Debug|Any CPU
		{0E70B674-D523-6722-5CEE-EDA8B68EDAFD}.Release|Any CPU.ActiveCfg = Release|Any CPU
		{0E70B674-D523-6722-5CEE-EDA8B68EDAFD}.Release|Any CPU.Build.0 = Release|Any CPU
		{33C1AE11-A931-B34A-CE6C-59CE64FF2BAA}.Debug|Any CPU.ActiveCfg = Debug|Any CPU
		{33C1AE11-A931-B34A-CE6C-59CE64FF2BAA}.Debug|Any CPU.Build.0 = Debug|Any CPU
		{33C1AE11-A931-B34A-CE6C-59CE64FF2BAA}.Release|Any CPU.ActiveCfg = Release|Any CPU
		{33C1AE11-A931-B34A-CE6C-59CE64FF2BAA}.Release|Any CPU.Build.0 = Release|Any CPU
		{E00B84FE-A263-7A68-AFAA-E4551D98CBBB}.Debug|Any CPU.ActiveCfg = Debug|Any CPU
		{E00B84FE-A263-7A68-AFAA-E4551D98CBBB}.Debug|Any CPU.Build.0 = Debug|Any CPU
		{E00B84FE-A263-7A68-AFAA-E4551D98CBBB}.Release|Any CPU.ActiveCfg = Release|Any CPU
		{E00B84FE-A263-7A68-AFAA-E4551D98CBBB}.Release|Any CPU.Build.0 = Release|Any CPU
		{2E597384-5CA9-1E96-22A4-441E9B743AA2}.Debug|Any CPU.ActiveCfg = Debug|Any CPU
		{2E597384-5CA9-1E96-22A4-441E9B743AA2}.Debug|Any CPU.Build.0 = Debug|Any CPU
		{2E597384-5CA9-1E96-22A4-441E9B743AA2}.Release|Any CPU.ActiveCfg = Release|Any CPU
		{2E597384-5CA9-1E96-22A4-441E9B743AA2}.Release|Any CPU.Build.0 = Release|Any CPU
		{37D1A2E2-B77F-38A5-F81B-968FD05B8956}.Debug|Any CPU.ActiveCfg = Debug|Any CPU
		{37D1A2E2-B77F-38A5-F81B-968FD05B8956}.Debug|Any CPU.Build.0 = Debug|Any CPU
		{37D1A2E2-B77F-38A5-F81B-968FD05B8956}.Release|Any CPU.ActiveCfg = Release|Any CPU
		{37D1A2E2-B77F-38A5-F81B-968FD05B8956}.Release|Any CPU.Build.0 = Release|Any CPU
		{11A5A237-ACF2-2C7B-41A2-5B355887D219}.Debug|Any CPU.ActiveCfg = Debug|Any CPU
		{11A5A237-ACF2-2C7B-41A2-5B355887D219}.Debug|Any CPU.Build.0 = Debug|Any CPU
		{11A5A237-ACF2-2C7B-41A2-5B355887D219}.Release|Any CPU.ActiveCfg = Release|Any CPU
		{11A5A237-ACF2-2C7B-41A2-5B355887D219}.Release|Any CPU.Build.0 = Release|Any CPU
		{0B3CA691-6279-4252-EDE8-BB8B3314290D}.Debug|Any CPU.ActiveCfg = Debug|Any CPU
		{0B3CA691-6279-4252-EDE8-BB8B3314290D}.Debug|Any CPU.Build.0 = Debug|Any CPU
		{0B3CA691-6279-4252-EDE8-BB8B3314290D}.Release|Any CPU.ActiveCfg = Release|Any CPU
		{0B3CA691-6279-4252-EDE8-BB8B3314290D}.Release|Any CPU.Build.0 = Release|Any CPU
		{5B3A569D-45E1-A43A-38C3-926539D00724}.Debug|Any CPU.ActiveCfg = Debug|Any CPU
		{5B3A569D-45E1-A43A-38C3-926539D00724}.Debug|Any CPU.Build.0 = Debug|Any CPU
		{5B3A569D-45E1-A43A-38C3-926539D00724}.Release|Any CPU.ActiveCfg = Release|Any CPU
		{5B3A569D-45E1-A43A-38C3-926539D00724}.Release|Any CPU.Build.0 = Release|Any CPU
		{87171DAC-9D43-31AC-7567-2DEA256A09DB}.Debug|Any CPU.ActiveCfg = Debug|Any CPU
		{87171DAC-9D43-31AC-7567-2DEA256A09DB}.Debug|Any CPU.Build.0 = Debug|Any CPU
		{87171DAC-9D43-31AC-7567-2DEA256A09DB}.Release|Any CPU.ActiveCfg = Release|Any CPU
		{87171DAC-9D43-31AC-7567-2DEA256A09DB}.Release|Any CPU.Build.0 = Release|Any CPU
		{F1D98A41-2AAE-071E-96B8-62E10BEB6866}.Debug|Any CPU.ActiveCfg = Debug|Any CPU
		{F1D98A41-2AAE-071E-96B8-62E10BEB6866}.Debug|Any CPU.Build.0 = Debug|Any CPU
		{F1D98A41-2AAE-071E-96B8-62E10BEB6866}.Release|Any CPU.ActiveCfg = Release|Any CPU
		{F1D98A41-2AAE-071E-96B8-62E10BEB6866}.Release|Any CPU.Build.0 = Release|Any CPU
		{A9FBD16F-67CF-CCF2-4388-0271E8527BEF}.Debug|Any CPU.ActiveCfg = Debug|Any CPU
		{A9FBD16F-67CF-CCF2-4388-0271E8527BEF}.Debug|Any CPU.Build.0 = Debug|Any CPU
		{A9FBD16F-67CF-CCF2-4388-0271E8527BEF}.Release|Any CPU.ActiveCfg = Release|Any CPU
		{A9FBD16F-67CF-CCF2-4388-0271E8527BEF}.Release|Any CPU.Build.0 = Release|Any CPU
		{69724611-387A-CB08-64C3-957DEF12C3EC}.Debug|Any CPU.ActiveCfg = Debug|Any CPU
		{69724611-387A-CB08-64C3-957DEF12C3EC}.Debug|Any CPU.Build.0 = Debug|Any CPU
		{69724611-387A-CB08-64C3-957DEF12C3EC}.Release|Any CPU.ActiveCfg = Release|Any CPU
		{69724611-387A-CB08-64C3-957DEF12C3EC}.Release|Any CPU.Build.0 = Release|Any CPU
		{462CEE16-801E-453D-CFF8-C5D5ACA9B0FB}.Debug|Any CPU.ActiveCfg = Debug|Any CPU
		{462CEE16-801E-453D-CFF8-C5D5ACA9B0FB}.Debug|Any CPU.Build.0 = Debug|Any CPU
		{462CEE16-801E-453D-CFF8-C5D5ACA9B0FB}.Release|Any CPU.ActiveCfg = Release|Any CPU
		{462CEE16-801E-453D-CFF8-C5D5ACA9B0FB}.Release|Any CPU.Build.0 = Release|Any CPU
		{DD0AA8D8-5796-1927-763D-3B8258D8B389}.Debug|Any CPU.ActiveCfg = Debug|Any CPU
		{DD0AA8D8-5796-1927-763D-3B8258D8B389}.Debug|Any CPU.Build.0 = Debug|Any CPU
		{DD0AA8D8-5796-1927-763D-3B8258D8B389}.Release|Any CPU.ActiveCfg = Release|Any CPU
		{DD0AA8D8-5796-1927-763D-3B8258D8B389}.Release|Any CPU.Build.0 = Release|Any CPU
		{1A414981-83EE-2877-1D70-B8BB2D8F9852}.Debug|Any CPU.ActiveCfg = Debug|Any CPU
		{1A414981-83EE-2877-1D70-B8BB2D8F9852}.Debug|Any CPU.Build.0 = Debug|Any CPU
		{1A414981-83EE-2877-1D70-B8BB2D8F9852}.Release|Any CPU.ActiveCfg = Release|Any CPU
		{1A414981-83EE-2877-1D70-B8BB2D8F9852}.Release|Any CPU.Build.0 = Release|Any CPU
		{328B8D36-D914-90B0-792F-58150ADB0BA1}.Debug|Any CPU.ActiveCfg = Debug|Any CPU
		{328B8D36-D914-90B0-792F-58150ADB0BA1}.Debug|Any CPU.Build.0 = Debug|Any CPU
		{328B8D36-D914-90B0-792F-58150ADB0BA1}.Release|Any CPU.ActiveCfg = Release|Any CPU
		{328B8D36-D914-90B0-792F-58150ADB0BA1}.Release|Any CPU.Build.0 = Release|Any CPU
		{4D2DD0E9-7C98-5431-5544-A4516143BFAC}.Debug|Any CPU.ActiveCfg = Debug|Any CPU
		{4D2DD0E9-7C98-5431-5544-A4516143BFAC}.Debug|Any CPU.Build.0 = Debug|Any CPU
		{4D2DD0E9-7C98-5431-5544-A4516143BFAC}.Release|Any CPU.ActiveCfg = Release|Any CPU
		{4D2DD0E9-7C98-5431-5544-A4516143BFAC}.Release|Any CPU.Build.0 = Release|Any CPU
	EndGlobalSection
	GlobalSection(SolutionProperties) = preSolution
		HideSolutionNode = FALSE
	EndGlobalSection
EndGlobal
