
Microsoft Visual Studio Solution File, Format Version 12.00
# Visual Studio 15
Project("{FAE04EC0-301F-11D3-BF4B-00C04F79EFBC}") = "UniRx", "UniRx.csproj", "{EEC0D5F0-D6E8-AE7D-7D6A-61483014D12D}"
EndProject
Project("{FAE04EC0-301F-11D3-BF4B-00C04F79EFBC}") = "Assembly-CSharp", "Assembly-CSharp.csproj", "{DF869F2C-70F5-5D65-4713-0A689F6CD777}"
EndProject
Project("{FAE04EC0-301F-11D3-BF4B-00C04F79EFBC}") = "Scripts", "Scripts.csproj", "{13EF3333-FF32-171D-D130-BDBA2BA23937}"
EndProject
Project("{FAE04EC0-301F-11D3-BF4B-00C04F79EFBC}") = "LunarConsole", "LunarConsole.csproj", "{1942D3D4-034F-A785-B82C-EDC57ACB0232}"
EndProject
Project("{FAE04EC0-301F-11D3-BF4B-00C04F79EFBC}") = "Dragon", "Dragon.csproj", "{77F8A826-6941-FC0B-ADEB-5D45097598FB}"
EndProject
Project("{FAE04EC0-301F-11D3-BF4B-00C04F79EFBC}") = "spine-unity", "spine-unity.csproj", "{B4E92083-B70C-3CA0-E537-8E3BB07A5176}"
EndProject
Project("{FAE04EC0-301F-11D3-BF4B-00C04F79EFBC}") = "SocketIo", "SocketIo.csproj", "{8BDFBF3D-9D9B-A32E-8DD1-F1CDAC8213B0}"
EndProject
Project("{FAE04EC0-301F-11D3-BF4B-00C04F79EFBC}") = "LeanTween", "LeanTween.csproj", "{A225DB77-0F66-B618-F5B7-AA108E05706B}"
EndProject
Project("{FAE04EC0-301F-11D3-BF4B-00C04F79EFBC}") = "Lobby", "Lobby.csproj", "{F8EBE9B9-D5E8-7DEA-D487-AEF55A8B8EF9}"
EndProject
Project("{FAE04EC0-301F-11D3-BF4B-00C04F79EFBC}") = "Shared", "Shared.csproj", "{F6FC5414-7A59-7412-9D3A-673428CFF421}"
EndProject
Project("{FAE04EC0-301F-11D3-BF4B-00C04F79EFBC}") = "Updown7", "Updown7.csproj", "{6F99B5CE-8D6A-892F-FF3A-FA9E83E10FB1}"
EndProject
Project("{FAE04EC0-301F-11D3-BF4B-00C04F79EFBC}") = "PathCreator", "PathCreator.csproj", "{713AE0B7-8735-2B26-6787-F63DEE822775}"
EndProject
Project("{FAE04EC0-301F-11D3-BF4B-00C04F79EFBC}") = "test", "test.csproj", "{505B7B67-1BC0-9E16-EFE8-885FEE0CF2FB}"
EndProject
Project("{FAE04EC0-301F-11D3-BF4B-00C04F79EFBC}") = "KhushbuPlugin", "KhushbuPlugin.csproj", "{0E435D56-2FBD-393D-0206-EE8D84031AC1}"
EndProject
Project("{FAE04EC0-301F-11D3-BF4B-00C04F79EFBC}") = "UniRx.Examples", "UniRx.Examples.csproj", "{112C9DAA-B016-27CF-A07F-FA9BAA70AAE1}"
EndProject
Project("{FAE04EC0-301F-11D3-BF4B-00C04F79EFBC}") = "Webview", "Webview.csproj", "{F1534CDB-B8D5-A251-D8C1-F86AACF4C1AB}"
EndProject
Project("{FAE04EC0-301F-11D3-BF4B-00C04F79EFBC}") = "itween", "itween.csproj", "{EDF706E3-526E-0B7D-B3B3-C73E82C7B92E}"
EndProject
Project("{FAE04EC0-301F-11D3-BF4B-00C04F79EFBC}") = "LunarConsoleEditor", "LunarConsoleEditor.csproj", "{549B904B-A5A6-D8E8-3222-682DC6997B30}"
EndProject
Project("{FAE04EC0-301F-11D3-BF4B-00C04F79EFBC}") = "spine-unity-editor", "spine-unity-editor.csproj", "{9AEF7D02-176F-3367-A348-08123472E2F3}"
EndProject
Project("{FAE04EC0-301F-11D3-BF4B-00C04F79EFBC}") = "PathCreatorEditor", "PathCreatorEditor.csproj", "{FD27CDB5-1ED9-1BF9-86EA-B275603E6757}"
EndProject
Project("{FAE04EC0-301F-11D3-BF4B-00C04F79EFBC}") = "Assembly-CSharp-Editor", "Assembly-CSharp-Editor.csproj", "{14E544C8-5226-E5D8-099D-F81A1676CBF5}"
EndProject
Project("{FAE04EC0-301F-11D3-BF4B-00C04F79EFBC}") = "EditMode", "EditMode.csproj", "{AC6736ED-85C1-BC27-5FE4-43A05160F399}"
EndProject
Global
	GlobalSection(SolutionConfigurationPlatforms) = preSolution
		Debug|Any CPU = Debug|Any CPU
		Release|Any CPU = Release|Any CPU
	EndGlobalSection
	GlobalSection(ProjectConfigurationPlatforms) = postSolution
		{EEC0D5F0-D6E8-AE7D-7D6A-61483014D12D}.Debug|Any CPU.ActiveCfg = Debug|Any CPU
		{EEC0D5F0-D6E8-AE7D-7D6A-61483014D12D}.Debug|Any CPU.Build.0 = Debug|Any CPU
		{EEC0D5F0-D6E8-AE7D-7D6A-61483014D12D}.Release|Any CPU.ActiveCfg = Release|Any CPU
		{EEC0D5F0-D6E8-AE7D-7D6A-61483014D12D}.Release|Any CPU.Build.0 = Release|Any CPU
		{DF869F2C-70F5-5D65-4713-0A689F6CD777}.Debug|Any CPU.ActiveCfg = Debug|Any CPU
		{DF869F2C-70F5-5D65-4713-0A689F6CD777}.Debug|Any CPU.Build.0 = Debug|Any CPU
		{DF869F2C-70F5-5D65-4713-0A689F6CD777}.Release|Any CPU.ActiveCfg = Release|Any CPU
		{DF869F2C-70F5-5D65-4713-0A689F6CD777}.Release|Any CPU.Build.0 = Release|Any CPU
		{13EF3333-FF32-171D-D130-BDBA2BA23937}.Debug|Any CPU.ActiveCfg = Debug|Any CPU
		{13EF3333-FF32-171D-D130-BDBA2BA23937}.Debug|Any CPU.Build.0 = Debug|Any CPU
		{13EF3333-FF32-171D-D130-BDBA2BA23937}.Release|Any CPU.ActiveCfg = Release|Any CPU
		{13EF3333-FF32-171D-D130-BDBA2BA23937}.Release|Any CPU.Build.0 = Release|Any CPU
		{1942D3D4-034F-A785-B82C-EDC57ACB0232}.Debug|Any CPU.ActiveCfg = Debug|Any CPU
		{1942D3D4-034F-A785-B82C-EDC57ACB0232}.Debug|Any CPU.Build.0 = Debug|Any CPU
		{1942D3D4-034F-A785-B82C-EDC57ACB0232}.Release|Any CPU.ActiveCfg = Release|Any CPU
		{1942D3D4-034F-A785-B82C-EDC57ACB0232}.Release|Any CPU.Build.0 = Release|Any CPU
		{77F8A826-6941-FC0B-ADEB-5D45097598FB}.Debug|Any CPU.ActiveCfg = Debug|Any CPU
		{77F8A826-6941-FC0B-ADEB-5D45097598FB}.Debug|Any CPU.Build.0 = Debug|Any CPU
		{77F8A826-6941-FC0B-ADEB-5D45097598FB}.Release|Any CPU.ActiveCfg = Release|Any CPU
		{77F8A826-6941-FC0B-ADEB-5D45097598FB}.Release|Any CPU.Build.0 = Release|Any CPU
		{B4E92083-B70C-3CA0-E537-8E3BB07A5176}.Debug|Any CPU.ActiveCfg = Debug|Any CPU
		{B4E92083-B70C-3CA0-E537-8E3BB07A5176}.Debug|Any CPU.Build.0 = Debug|Any CPU
		{B4E92083-B70C-3CA0-E537-8E3BB07A5176}.Release|Any CPU.ActiveCfg = Release|Any CPU
		{B4E92083-B70C-3CA0-E537-8E3BB07A5176}.Release|Any CPU.Build.0 = Release|Any CPU
		{8BDFBF3D-9D9B-A32E-8DD1-F1CDAC8213B0}.Debug|Any CPU.ActiveCfg = Debug|Any CPU
		{8BDFBF3D-9D9B-A32E-8DD1-F1CDAC8213B0}.Debug|Any CPU.Build.0 = Debug|Any CPU
		{8BDFBF3D-9D9B-A32E-8DD1-F1CDAC8213B0}.Release|Any CPU.ActiveCfg = Release|Any CPU
		{8BDFBF3D-9D9B-A32E-8DD1-F1CDAC8213B0}.Release|Any CPU.Build.0 = Release|Any CPU
		{A225DB77-0F66-B618-F5B7-AA108E05706B}.Debug|Any CPU.ActiveCfg = Debug|Any CPU
		{A225DB77-0F66-B618-F5B7-AA108E05706B}.Debug|Any CPU.Build.0 = Debug|Any CPU
		{A225DB77-0F66-B618-F5B7-AA108E05706B}.Release|Any CPU.ActiveCfg = Release|Any CPU
		{A225DB77-0F66-B618-F5B7-AA108E05706B}.Release|Any CPU.Build.0 = Release|Any CPU
		{F8EBE9B9-D5E8-7DEA-D487-AEF55A8B8EF9}.Debug|Any CPU.ActiveCfg = Debug|Any CPU
		{F8EBE9B9-D5E8-7DEA-D487-AEF55A8B8EF9}.Debug|Any CPU.Build.0 = Debug|Any CPU
		{F8EBE9B9-D5E8-7DEA-D487-AEF55A8B8EF9}.Release|Any CPU.ActiveCfg = Release|Any CPU
		{F8EBE9B9-D5E8-7DEA-D487-AEF55A8B8EF9}.Release|Any CPU.Build.0 = Release|Any CPU
		{F6FC5414-7A59-7412-9D3A-673428CFF421}.Debug|Any CPU.ActiveCfg = Debug|Any CPU
		{F6FC5414-7A59-7412-9D3A-673428CFF421}.Debug|Any CPU.Build.0 = Debug|Any CPU
		{F6FC5414-7A59-7412-9D3A-673428CFF421}.Release|Any CPU.ActiveCfg = Release|Any CPU
		{F6FC5414-7A59-7412-9D3A-673428CFF421}.Release|Any CPU.Build.0 = Release|Any CPU
		{6F99B5CE-8D6A-892F-FF3A-FA9E83E10FB1}.Debug|Any CPU.ActiveCfg = Debug|Any CPU
		{6F99B5CE-8D6A-892F-FF3A-FA9E83E10FB1}.Debug|Any CPU.Build.0 = Debug|Any CPU
		{6F99B5CE-8D6A-892F-FF3A-FA9E83E10FB1}.Release|Any CPU.ActiveCfg = Release|Any CPU
		{6F99B5CE-8D6A-892F-FF3A-FA9E83E10FB1}.Release|Any CPU.Build.0 = Release|Any CPU
		{713AE0B7-8735-2B26-6787-F63DEE822775}.Debug|Any CPU.ActiveCfg = Debug|Any CPU
		{713AE0B7-8735-2B26-6787-F63DEE822775}.Debug|Any CPU.Build.0 = Debug|Any CPU
		{713AE0B7-8735-2B26-6787-F63DEE822775}.Release|Any CPU.ActiveCfg = Release|Any CPU
		{713AE0B7-8735-2B26-6787-F63DEE822775}.Release|Any CPU.Build.0 = Release|Any CPU
		{505B7B67-1BC0-9E16-EFE8-885FEE0CF2FB}.Debug|Any CPU.ActiveCfg = Debug|Any CPU
		{505B7B67-1BC0-9E16-EFE8-885FEE0CF2FB}.Debug|Any CPU.Build.0 = Debug|Any CPU
		{505B7B67-1BC0-9E16-EFE8-885FEE0CF2FB}.Release|Any CPU.ActiveCfg = Release|Any CPU
		{505B7B67-1BC0-9E16-EFE8-885FEE0CF2FB}.Release|Any CPU.Build.0 = Release|Any CPU
		{0E435D56-2FBD-393D-0206-EE8D84031AC1}.Debug|Any CPU.ActiveCfg = Debug|Any CPU
		{0E435D56-2FBD-393D-0206-EE8D84031AC1}.Debug|Any CPU.Build.0 = Debug|Any CPU
		{0E435D56-2FBD-393D-0206-EE8D84031AC1}.Release|Any CPU.ActiveCfg = Release|Any CPU
		{0E435D56-2FBD-393D-0206-EE8D84031AC1}.Release|Any CPU.Build.0 = Release|Any CPU
		{112C9DAA-B016-27CF-A07F-FA9BAA70AAE1}.Debug|Any CPU.ActiveCfg = Debug|Any CPU
		{112C9DAA-B016-27CF-A07F-FA9BAA70AAE1}.Debug|Any CPU.Build.0 = Debug|Any CPU
		{112C9DAA-B016-27CF-A07F-FA9BAA70AAE1}.Release|Any CPU.ActiveCfg = Release|Any CPU
		{112C9DAA-B016-27CF-A07F-FA9BAA70AAE1}.Release|Any CPU.Build.0 = Release|Any CPU
		{F1534CDB-B8D5-A251-D8C1-F86AACF4C1AB}.Debug|Any CPU.ActiveCfg = Debug|Any CPU
		{F1534CDB-B8D5-A251-D8C1-F86AACF4C1AB}.Debug|Any CPU.Build.0 = Debug|Any CPU
		{F1534CDB-B8D5-A251-D8C1-F86AACF4C1AB}.Release|Any CPU.ActiveCfg = Release|Any CPU
		{F1534CDB-B8D5-A251-D8C1-F86AACF4C1AB}.Release|Any CPU.Build.0 = Release|Any CPU
		{EDF706E3-526E-0B7D-B3B3-C73E82C7B92E}.Debug|Any CPU.ActiveCfg = Debug|Any CPU
		{EDF706E3-526E-0B7D-B3B3-C73E82C7B92E}.Debug|Any CPU.Build.0 = Debug|Any CPU
		{EDF706E3-526E-0B7D-B3B3-C73E82C7B92E}.Release|Any CPU.ActiveCfg = Release|Any CPU
		{EDF706E3-526E-0B7D-B3B3-C73E82C7B92E}.Release|Any CPU.Build.0 = Release|Any CPU
		{549B904B-A5A6-D8E8-3222-682DC6997B30}.Debug|Any CPU.ActiveCfg = Debug|Any CPU
		{549B904B-A5A6-D8E8-3222-682DC6997B30}.Debug|Any CPU.Build.0 = Debug|Any CPU
		{549B904B-A5A6-D8E8-3222-682DC6997B30}.Release|Any CPU.ActiveCfg = Release|Any CPU
		{549B904B-A5A6-D8E8-3222-682DC6997B30}.Release|Any CPU.Build.0 = Release|Any CPU
		{9AEF7D02-176F-3367-A348-08123472E2F3}.Debug|Any CPU.ActiveCfg = Debug|Any CPU
		{9AEF7D02-176F-3367-A348-08123472E2F3}.Debug|Any CPU.Build.0 = Debug|Any CPU
		{9AEF7D02-176F-3367-A348-08123472E2F3}.Release|Any CPU.ActiveCfg = Release|Any CPU
		{9AEF7D02-176F-3367-A348-08123472E2F3}.Release|Any CPU.Build.0 = Release|Any CPU
		{FD27CDB5-1ED9-1BF9-86EA-B275603E6757}.Debug|Any CPU.ActiveCfg = Debug|Any CPU
		{FD27CDB5-1ED9-1BF9-86EA-B275603E6757}.Debug|Any CPU.Build.0 = Debug|Any CPU
		{FD27CDB5-1ED9-1BF9-86EA-B275603E6757}.Release|Any CPU.ActiveCfg = Release|Any CPU
		{FD27CDB5-1ED9-1BF9-86EA-B275603E6757}.Release|Any CPU.Build.0 = Release|Any CPU
		{14E544C8-5226-E5D8-099D-F81A1676CBF5}.Debug|Any CPU.ActiveCfg = Debug|Any CPU
		{14E544C8-5226-E5D8-099D-F81A1676CBF5}.Debug|Any CPU.Build.0 = Debug|Any CPU
		{14E544C8-5226-E5D8-099D-F81A1676CBF5}.Release|Any CPU.ActiveCfg = Release|Any CPU
		{14E544C8-5226-E5D8-099D-F81A1676CBF5}.Release|Any CPU.Build.0 = Release|Any CPU
		{AC6736ED-85C1-BC27-5FE4-43A05160F399}.Debug|Any CPU.ActiveCfg = Debug|Any CPU
		{AC6736ED-85C1-BC27-5FE4-43A05160F399}.Debug|Any CPU.Build.0 = Debug|Any CPU
		{AC6736ED-85C1-BC27-5FE4-43A05160F399}.Release|Any CPU.ActiveCfg = Release|Any CPU
		{AC6736ED-85C1-BC27-5FE4-43A05160F399}.Release|Any CPU.Build.0 = Release|Any CPU
	EndGlobalSection
	GlobalSection(SolutionProperties) = preSolution
		HideSolutionNode = FALSE
	EndGlobalSection
EndGlobal
